
Microsoft Visual Studio Solution File, Format Version 12.00
# Visual Studio Version 17
VisualStudioVersion = 17.4.33103.184
MinimumVisualStudioVersion = 10.0.40219.1
Project("{9A19103F-16F7-4668-BE54-9A1E7A4F7556}") = "bookreview.service", "bookreview.service\bookreview.service.csproj", "{8C49FED5-2CA8-4F58-8FA7-34768534FFB7}"
EndProject
Project("{9A19103F-16F7-4668-BE54-9A1E7A4F7556}") = "bookreview.common", "bookreview.common\bookreview.common.csproj", "{0F3ED4F2-A159-449B-BCDB-96BB1A4B928C}"
EndProject
Project("{2150E333-8FDC-42A3-9474-1A3956D46DE8}") = "0. Config", "0. Config", "{FFB37B68-F313-44D9-9102-CBB0E2EA7712}"
EndProject
Project("{9A19103F-16F7-4668-BE54-9A1E7A4F7556}") = "bookreview.infrastructure", "bookreview.infrastructure\bookreview.infrastructure.csproj", "{E19E5DB2-AA09-4B37-B339-70353A8335B5}"
EndProject
Project("{2150E333-8FDC-42A3-9474-1A3956D46DE8}") = "Solution Items", "Solution Items", "{21DD5D72-E254-4F85-B260-02E0930FBCEC}"
	ProjectSection(SolutionItems) = preProject
		.editorconfig = .editorconfig
	EndProjectSection
EndProject
Project("{9A19103F-16F7-4668-BE54-9A1E7A4F7556}") = "bookreview.test", "bookreview.unittests\bookreview.test.csproj", "{4480DC22-063B-4F96-B02D-01473C8D5071}"
EndProject
Project("{2150E333-8FDC-42A3-9474-1A3956D46DE8}") = "1.Controller", "1.Controller", "{4AF4F1B0-26A4-4919-84BC-A793C0C6F77C}"
EndProject
Project("{9A19103F-16F7-4668-BE54-9A1E7A4F7556}") = "bookreview.controller", "bookreview.controller\bookreview.controller.csproj", "{50204E7C-7362-4633-A8DD-ABFBF49AD476}"
EndProject
Project("{FAE04EC0-301F-11D3-BF4B-00C04F79EFBC}") = "bookreview.ui", "bookreview.ui\bookreview.ui.csproj", "{610E276D-9E9B-472E-B9F8-03598EFCAB0E}"
EndProject
Global
	GlobalSection(SolutionConfigurationPlatforms) = preSolution
		Debug|Any CPU = Debug|Any CPU
		Release|Any CPU = Release|Any CPU
	EndGlobalSection
	GlobalSection(ProjectConfigurationPlatforms) = postSolution
		{8C49FED5-2CA8-4F58-8FA7-34768534FFB7}.Debug|Any CPU.ActiveCfg = Debug|Any CPU
		{8C49FED5-2CA8-4F58-8FA7-34768534FFB7}.Debug|Any CPU.Build.0 = Debug|Any CPU
		{8C49FED5-2CA8-4F58-8FA7-34768534FFB7}.Release|Any CPU.ActiveCfg = Release|Any CPU
		{8C49FED5-2CA8-4F58-8FA7-34768534FFB7}.Release|Any CPU.Build.0 = Release|Any CPU
		{0F3ED4F2-A159-449B-BCDB-96BB1A4B928C}.Debug|Any CPU.ActiveCfg = Debug|Any CPU
		{0F3ED4F2-A159-449B-BCDB-96BB1A4B928C}.Debug|Any CPU.Build.0 = Debug|Any CPU
		{0F3ED4F2-A159-449B-BCDB-96BB1A4B928C}.Release|Any CPU.ActiveCfg = Release|Any CPU
		{0F3ED4F2-A159-449B-BCDB-96BB1A4B928C}.Release|Any CPU.Build.0 = Release|Any CPU
		{E19E5DB2-AA09-4B37-B339-70353A8335B5}.Debug|Any CPU.ActiveCfg = Debug|Any CPU
		{E19E5DB2-AA09-4B37-B339-70353A8335B5}.Debug|Any CPU.Build.0 = Debug|Any CPU
		{E19E5DB2-AA09-4B37-B339-70353A8335B5}.Release|Any CPU.ActiveCfg = Release|Any CPU
		{E19E5DB2-AA09-4B37-B339-70353A8335B5}.Release|Any CPU.Build.0 = Release|Any CPU
		{4480DC22-063B-4F96-B02D-01473C8D5071}.Debug|Any CPU.ActiveCfg = Debug|Any CPU
		{4480DC22-063B-4F96-B02D-01473C8D5071}.Debug|Any CPU.Build.0 = Debug|Any CPU
		{4480DC22-063B-4F96-B02D-01473C8D5071}.Release|Any CPU.ActiveCfg = Release|Any CPU
		{4480DC22-063B-4F96-B02D-01473C8D5071}.Release|Any CPU.Build.0 = Release|Any CPU
		{50204E7C-7362-4633-A8DD-ABFBF49AD476}.Debug|Any CPU.ActiveCfg = Debug|Any CPU
		{50204E7C-7362-4633-A8DD-ABFBF49AD476}.Debug|Any CPU.Build.0 = Debug|Any CPU
		{50204E7C-7362-4633-A8DD-ABFBF49AD476}.Release|Any CPU.ActiveCfg = Release|Any CPU
		{50204E7C-7362-4633-A8DD-ABFBF49AD476}.Release|Any CPU.Build.0 = Release|Any CPU
		{610E276D-9E9B-472E-B9F8-03598EFCAB0E}.Debug|Any CPU.ActiveCfg = Debug|Any CPU
		{610E276D-9E9B-472E-B9F8-03598EFCAB0E}.Debug|Any CPU.Build.0 = Debug|Any CPU
		{610E276D-9E9B-472E-B9F8-03598EFCAB0E}.Release|Any CPU.ActiveCfg = Release|Any CPU
		{610E276D-9E9B-472E-B9F8-03598EFCAB0E}.Release|Any CPU.Build.0 = Release|Any CPU
	EndGlobalSection
	GlobalSection(SolutionProperties) = preSolution
		HideSolutionNode = FALSE
	EndGlobalSection
	GlobalSection(NestedProjects) = preSolution
		{50204E7C-7362-4633-A8DD-ABFBF49AD476} = {4AF4F1B0-26A4-4919-84BC-A793C0C6F77C}
	EndGlobalSection
	GlobalSection(ExtensibilityGlobals) = postSolution
		SolutionGuid = {3EDD936C-1F04-4303-BC85-D98E59A605CD}
	EndGlobalSection
EndGlobal
